
Microsoft Visual Studio Solution File, Format Version 12.00
# Visual Studio Version 17
VisualStudioVersion = 17.13.35828.75 d17.13
MinimumVisualStudioVersion = 10.0.40219.1
Project("{FAE04EC0-301F-11D3-BF4B-00C04F79EFBC}") = "ProductionRateAdjuster", "ProductionRateAdjuster\ProductionRateAdjuster.csproj", "{C6060EBB-936C-4AAA-8D0B-AC47B588C702}"
EndProject
Global
	GlobalSection(SolutionConfigurationPlatforms) = preSolution
		Debug|Any CPU = Debug|Any CPU
		Release|Any CPU = Release|Any CPU
	EndGlobalSection
	GlobalSection(ProjectConfigurationPlatforms) = postSolution
		{C6060EBB-936C-4AAA-8D0B-AC47B588C702}.Debug|Any CPU.ActiveCfg = Debug|Any CPU
		{C6060EBB-936C-4AAA-8D0B-AC47B588C702}.Debug|Any CPU.Build.0 = Debug|Any CPU
		{C6060EBB-936C-4AAA-8D0B-AC47B588C702}.Release|Any CPU.ActiveCfg = Release|Any CPU
		{C6060EBB-936C-4AAA-8D0B-AC47B588C702}.Release|Any CPU.Build.0 = Release|Any CPU
	EndGlobalSection
	GlobalSection(SolutionProperties) = preSolution
		HideSolutionNode = FALSE
	EndGlobalSection
	GlobalSection(ExtensibilityGlobals) = postSolution
		SolutionGuid = {967C29AC-DA13-44A1-AABC-76B961278509}
	EndGlobalSection
EndGlobal
